
Microsoft Visual Studio Solution File, Format Version 12.00
# Visual Studio 2012
Project("{FAE04EC0-301F-11D3-BF4B-00C04F79EFBC}") = "MyTurn.Web", "MyTurn.Web\MyTurn.Web.csproj", "{8EEDF13C-7490-4640-A02A-1F21E7447102}"
EndProject
Project("{FAE04EC0-301F-11D3-BF4B-00C04F79EFBC}") = "MyTurn.SignalR.TestClient", "MyTurn.SignalR.TestClient\MyTurn.SignalR.TestClient\MyTurn.SignalR.TestClient.csproj", "{B928D574-6A67-469A-A3A0-FB6194AAE9EA}"
EndProject
Project("{262852C6-CD72-467D-83FE-5EEB1973A190}") = "MyTurn.Win", "MyTurn.Win\MyTurn.Win.jsproj", "{61615FC8-D4AD-426A-B7C3-7B20CCB58FB0}"
EndProject
Project("{2150E333-8FDC-42A3-9474-1A3956D46DE8}") = ".nuget", ".nuget", "{895E49CC-DFF7-4987-864C-5E2C1C7EA58D}"
	ProjectSection(SolutionItems) = preProject
		.nuget\packages.config = .nuget\packages.config
	EndProjectSection
EndProject
Project("{FAE04EC0-301F-11D3-BF4B-00C04F79EFBC}") = "MyTurn.WinForm", "MyTurn.WinForm\MyTurn.WinForm.csproj", "{0637DCF0-1261-435C-AB2A-E6638F910543}"
EndProject
Project("{6141683F-8A12-4E36-9623-2EB02B2C2303}") = "MyTurn.WinForm.Install", "MyTurn.WinForm.Install\MyTurn.WinForm.Install.isproj", "{15EA2F24-D67B-493F-923C-1EA64D58D776}"
EndProject
Global
	GlobalSection(SolutionConfigurationPlatforms) = preSolution
		CD_ROM|Any CPU = CD_ROM|Any CPU
		CD_ROM|ARM = CD_ROM|ARM
		CD_ROM|x64 = CD_ROM|x64
		CD_ROM|x86 = CD_ROM|x86
		Debug|Any CPU = Debug|Any CPU
		Debug|ARM = Debug|ARM
		Debug|x64 = Debug|x64
		Debug|x86 = Debug|x86
		DVD-5|Any CPU = DVD-5|Any CPU
		DVD-5|ARM = DVD-5|ARM
		DVD-5|x64 = DVD-5|x64
		DVD-5|x86 = DVD-5|x86
		Release|Any CPU = Release|Any CPU
		Release|ARM = Release|ARM
		Release|x64 = Release|x64
		Release|x86 = Release|x86
		SingleImage|Any CPU = SingleImage|Any CPU
		SingleImage|ARM = SingleImage|ARM
		SingleImage|x64 = SingleImage|x64
		SingleImage|x86 = SingleImage|x86
	EndGlobalSection
	GlobalSection(ProjectConfigurationPlatforms) = postSolution
		{8EEDF13C-7490-4640-A02A-1F21E7447102}.CD_ROM|Any CPU.ActiveCfg = Release|Any CPU
		{8EEDF13C-7490-4640-A02A-1F21E7447102}.CD_ROM|Any CPU.Build.0 = Release|Any CPU
		{8EEDF13C-7490-4640-A02A-1F21E7447102}.CD_ROM|ARM.ActiveCfg = Release|Any CPU
		{8EEDF13C-7490-4640-A02A-1F21E7447102}.CD_ROM|x64.ActiveCfg = Release|Any CPU
		{8EEDF13C-7490-4640-A02A-1F21E7447102}.CD_ROM|x86.ActiveCfg = Release|Any CPU
		{8EEDF13C-7490-4640-A02A-1F21E7447102}.Debug|Any CPU.ActiveCfg = Debug|Any CPU
		{8EEDF13C-7490-4640-A02A-1F21E7447102}.Debug|Any CPU.Build.0 = Debug|Any CPU
		{8EEDF13C-7490-4640-A02A-1F21E7447102}.Debug|ARM.ActiveCfg = Debug|Any CPU
		{8EEDF13C-7490-4640-A02A-1F21E7447102}.Debug|x64.ActiveCfg = Debug|Any CPU
		{8EEDF13C-7490-4640-A02A-1F21E7447102}.Debug|x86.ActiveCfg = Debug|Any CPU
		{8EEDF13C-7490-4640-A02A-1F21E7447102}.DVD-5|Any CPU.ActiveCfg = Debug|Any CPU
		{8EEDF13C-7490-4640-A02A-1F21E7447102}.DVD-5|Any CPU.Build.0 = Debug|Any CPU
		{8EEDF13C-7490-4640-A02A-1F21E7447102}.DVD-5|ARM.ActiveCfg = Debug|Any CPU
		{8EEDF13C-7490-4640-A02A-1F21E7447102}.DVD-5|x64.ActiveCfg = Debug|Any CPU
		{8EEDF13C-7490-4640-A02A-1F21E7447102}.DVD-5|x86.ActiveCfg = Debug|Any CPU
		{8EEDF13C-7490-4640-A02A-1F21E7447102}.Release|Any CPU.ActiveCfg = Release|Any CPU
		{8EEDF13C-7490-4640-A02A-1F21E7447102}.Release|Any CPU.Build.0 = Release|Any CPU
		{8EEDF13C-7490-4640-A02A-1F21E7447102}.Release|ARM.ActiveCfg = Release|Any CPU
		{8EEDF13C-7490-4640-A02A-1F21E7447102}.Release|x64.ActiveCfg = Release|Any CPU
		{8EEDF13C-7490-4640-A02A-1F21E7447102}.Release|x86.ActiveCfg = Release|Any CPU
		{8EEDF13C-7490-4640-A02A-1F21E7447102}.SingleImage|Any CPU.ActiveCfg = Release|Any CPU
		{8EEDF13C-7490-4640-A02A-1F21E7447102}.SingleImage|Any CPU.Build.0 = Release|Any CPU
		{8EEDF13C-7490-4640-A02A-1F21E7447102}.SingleImage|ARM.ActiveCfg = Release|Any CPU
		{8EEDF13C-7490-4640-A02A-1F21E7447102}.SingleImage|x64.ActiveCfg = Release|Any CPU
		{8EEDF13C-7490-4640-A02A-1F21E7447102}.SingleImage|x86.ActiveCfg = Release|Any CPU
		{B928D574-6A67-469A-A3A0-FB6194AAE9EA}.CD_ROM|Any CPU.ActiveCfg = Release|Any CPU
		{B928D574-6A67-469A-A3A0-FB6194AAE9EA}.CD_ROM|Any CPU.Build.0 = Release|Any CPU
		{B928D574-6A67-469A-A3A0-FB6194AAE9EA}.CD_ROM|ARM.ActiveCfg = Release|Any CPU
		{B928D574-6A67-469A-A3A0-FB6194AAE9EA}.CD_ROM|x64.ActiveCfg = Release|Any CPU
		{B928D574-6A67-469A-A3A0-FB6194AAE9EA}.CD_ROM|x86.ActiveCfg = Release|Any CPU
		{B928D574-6A67-469A-A3A0-FB6194AAE9EA}.Debug|Any CPU.ActiveCfg = Debug|Any CPU
		{B928D574-6A67-469A-A3A0-FB6194AAE9EA}.Debug|Any CPU.Build.0 = Debug|Any CPU
		{B928D574-6A67-469A-A3A0-FB6194AAE9EA}.Debug|ARM.ActiveCfg = Debug|Any CPU
		{B928D574-6A67-469A-A3A0-FB6194AAE9EA}.Debug|x64.ActiveCfg = Debug|Any CPU
		{B928D574-6A67-469A-A3A0-FB6194AAE9EA}.Debug|x86.ActiveCfg = Debug|Any CPU
		{B928D574-6A67-469A-A3A0-FB6194AAE9EA}.DVD-5|Any CPU.ActiveCfg = Debug|Any CPU
		{B928D574-6A67-469A-A3A0-FB6194AAE9EA}.DVD-5|Any CPU.Build.0 = Debug|Any CPU
		{B928D574-6A67-469A-A3A0-FB6194AAE9EA}.DVD-5|ARM.ActiveCfg = Debug|Any CPU
		{B928D574-6A67-469A-A3A0-FB6194AAE9EA}.DVD-5|x64.ActiveCfg = Debug|Any CPU
		{B928D574-6A67-469A-A3A0-FB6194AAE9EA}.DVD-5|x86.ActiveCfg = Debug|Any CPU
		{B928D574-6A67-469A-A3A0-FB6194AAE9EA}.Release|Any CPU.ActiveCfg = Release|Any CPU
		{B928D574-6A67-469A-A3A0-FB6194AAE9EA}.Release|Any CPU.Build.0 = Release|Any CPU
		{B928D574-6A67-469A-A3A0-FB6194AAE9EA}.Release|ARM.ActiveCfg = Release|Any CPU
		{B928D574-6A67-469A-A3A0-FB6194AAE9EA}.Release|x64.ActiveCfg = Release|Any CPU
		{B928D574-6A67-469A-A3A0-FB6194AAE9EA}.Release|x86.ActiveCfg = Release|Any CPU
		{B928D574-6A67-469A-A3A0-FB6194AAE9EA}.SingleImage|Any CPU.ActiveCfg = Release|Any CPU
		{B928D574-6A67-469A-A3A0-FB6194AAE9EA}.SingleImage|Any CPU.Build.0 = Release|Any CPU
		{B928D574-6A67-469A-A3A0-FB6194AAE9EA}.SingleImage|ARM.ActiveCfg = Release|Any CPU
		{B928D574-6A67-469A-A3A0-FB6194AAE9EA}.SingleImage|x64.ActiveCfg = Release|Any CPU
		{B928D574-6A67-469A-A3A0-FB6194AAE9EA}.SingleImage|x86.ActiveCfg = Release|Any CPU
		{61615FC8-D4AD-426A-B7C3-7B20CCB58FB0}.CD_ROM|Any CPU.ActiveCfg = Release|Any CPU
		{61615FC8-D4AD-426A-B7C3-7B20CCB58FB0}.CD_ROM|Any CPU.Build.0 = Release|Any CPU
		{61615FC8-D4AD-426A-B7C3-7B20CCB58FB0}.CD_ROM|Any CPU.Deploy.0 = Release|Any CPU
		{61615FC8-D4AD-426A-B7C3-7B20CCB58FB0}.CD_ROM|ARM.ActiveCfg = Release|ARM
		{61615FC8-D4AD-426A-B7C3-7B20CCB58FB0}.CD_ROM|ARM.Build.0 = Release|ARM
		{61615FC8-D4AD-426A-B7C3-7B20CCB58FB0}.CD_ROM|ARM.Deploy.0 = Release|ARM
		{61615FC8-D4AD-426A-B7C3-7B20CCB58FB0}.CD_ROM|x64.ActiveCfg = Release|x64
		{61615FC8-D4AD-426A-B7C3-7B20CCB58FB0}.CD_ROM|x64.Build.0 = Release|x64
		{61615FC8-D4AD-426A-B7C3-7B20CCB58FB0}.CD_ROM|x64.Deploy.0 = Release|x64
		{61615FC8-D4AD-426A-B7C3-7B20CCB58FB0}.CD_ROM|x86.ActiveCfg = Release|x86
		{61615FC8-D4AD-426A-B7C3-7B20CCB58FB0}.CD_ROM|x86.Build.0 = Release|x86
		{61615FC8-D4AD-426A-B7C3-7B20CCB58FB0}.CD_ROM|x86.Deploy.0 = Release|x86
		{61615FC8-D4AD-426A-B7C3-7B20CCB58FB0}.Debug|Any CPU.ActiveCfg = Debug|Any CPU
		{61615FC8-D4AD-426A-B7C3-7B20CCB58FB0}.Debug|Any CPU.Build.0 = Debug|Any CPU
		{61615FC8-D4AD-426A-B7C3-7B20CCB58FB0}.Debug|Any CPU.Deploy.0 = Debug|Any CPU
		{61615FC8-D4AD-426A-B7C3-7B20CCB58FB0}.Debug|ARM.ActiveCfg = Debug|ARM
		{61615FC8-D4AD-426A-B7C3-7B20CCB58FB0}.Debug|ARM.Build.0 = Debug|ARM
		{61615FC8-D4AD-426A-B7C3-7B20CCB58FB0}.Debug|ARM.Deploy.0 = Debug|ARM
		{61615FC8-D4AD-426A-B7C3-7B20CCB58FB0}.Debug|x64.ActiveCfg = Debug|x64
		{61615FC8-D4AD-426A-B7C3-7B20CCB58FB0}.Debug|x64.Build.0 = Debug|x64
		{61615FC8-D4AD-426A-B7C3-7B20CCB58FB0}.Debug|x64.Deploy.0 = Debug|x64
		{61615FC8-D4AD-426A-B7C3-7B20CCB58FB0}.Debug|x86.ActiveCfg = Debug|x86
		{61615FC8-D4AD-426A-B7C3-7B20CCB58FB0}.Debug|x86.Build.0 = Debug|x86
		{61615FC8-D4AD-426A-B7C3-7B20CCB58FB0}.Debug|x86.Deploy.0 = Debug|x86
		{61615FC8-D4AD-426A-B7C3-7B20CCB58FB0}.DVD-5|Any CPU.ActiveCfg = Debug|Any CPU
		{61615FC8-D4AD-426A-B7C3-7B20CCB58FB0}.DVD-5|Any CPU.Build.0 = Debug|Any CPU
		{61615FC8-D4AD-426A-B7C3-7B20CCB58FB0}.DVD-5|Any CPU.Deploy.0 = Debug|Any CPU
		{61615FC8-D4AD-426A-B7C3-7B20CCB58FB0}.DVD-5|ARM.ActiveCfg = Debug|ARM
		{61615FC8-D4AD-426A-B7C3-7B20CCB58FB0}.DVD-5|ARM.Build.0 = Debug|ARM
		{61615FC8-D4AD-426A-B7C3-7B20CCB58FB0}.DVD-5|ARM.Deploy.0 = Debug|ARM
		{61615FC8-D4AD-426A-B7C3-7B20CCB58FB0}.DVD-5|x64.ActiveCfg = Debug|x64
		{61615FC8-D4AD-426A-B7C3-7B20CCB58FB0}.DVD-5|x64.Build.0 = Debug|x64
		{61615FC8-D4AD-426A-B7C3-7B20CCB58FB0}.DVD-5|x64.Deploy.0 = Debug|x64
		{61615FC8-D4AD-426A-B7C3-7B20CCB58FB0}.DVD-5|x86.ActiveCfg = Debug|x86
		{61615FC8-D4AD-426A-B7C3-7B20CCB58FB0}.DVD-5|x86.Build.0 = Debug|x86
		{61615FC8-D4AD-426A-B7C3-7B20CCB58FB0}.DVD-5|x86.Deploy.0 = Debug|x86
		{61615FC8-D4AD-426A-B7C3-7B20CCB58FB0}.Release|Any CPU.ActiveCfg = Release|Any CPU
		{61615FC8-D4AD-426A-B7C3-7B20CCB58FB0}.Release|Any CPU.Build.0 = Release|Any CPU
		{61615FC8-D4AD-426A-B7C3-7B20CCB58FB0}.Release|Any CPU.Deploy.0 = Release|Any CPU
		{61615FC8-D4AD-426A-B7C3-7B20CCB58FB0}.Release|ARM.ActiveCfg = Release|ARM
		{61615FC8-D4AD-426A-B7C3-7B20CCB58FB0}.Release|ARM.Build.0 = Release|ARM
		{61615FC8-D4AD-426A-B7C3-7B20CCB58FB0}.Release|ARM.Deploy.0 = Release|ARM
		{61615FC8-D4AD-426A-B7C3-7B20CCB58FB0}.Release|x64.ActiveCfg = Release|x64
		{61615FC8-D4AD-426A-B7C3-7B20CCB58FB0}.Release|x64.Build.0 = Release|x64
		{61615FC8-D4AD-426A-B7C3-7B20CCB58FB0}.Release|x64.Deploy.0 = Release|x64
		{61615FC8-D4AD-426A-B7C3-7B20CCB58FB0}.Release|x86.ActiveCfg = Release|x86
		{61615FC8-D4AD-426A-B7C3-7B20CCB58FB0}.Release|x86.Build.0 = Release|x86
		{61615FC8-D4AD-426A-B7C3-7B20CCB58FB0}.Release|x86.Deploy.0 = Release|x86
		{61615FC8-D4AD-426A-B7C3-7B20CCB58FB0}.SingleImage|Any CPU.ActiveCfg = Release|Any CPU
		{61615FC8-D4AD-426A-B7C3-7B20CCB58FB0}.SingleImage|Any CPU.Build.0 = Release|Any CPU
		{61615FC8-D4AD-426A-B7C3-7B20CCB58FB0}.SingleImage|Any CPU.Deploy.0 = Release|Any CPU
		{61615FC8-D4AD-426A-B7C3-7B20CCB58FB0}.SingleImage|ARM.ActiveCfg = Release|ARM
		{61615FC8-D4AD-426A-B7C3-7B20CCB58FB0}.SingleImage|ARM.Build.0 = Release|ARM
		{61615FC8-D4AD-426A-B7C3-7B20CCB58FB0}.SingleImage|ARM.Deploy.0 = Release|ARM
		{61615FC8-D4AD-426A-B7C3-7B20CCB58FB0}.SingleImage|x64.ActiveCfg = Release|x64
		{61615FC8-D4AD-426A-B7C3-7B20CCB58FB0}.SingleImage|x64.Build.0 = Release|x64
		{61615FC8-D4AD-426A-B7C3-7B20CCB58FB0}.SingleImage|x64.Deploy.0 = Release|x64
		{61615FC8-D4AD-426A-B7C3-7B20CCB58FB0}.SingleImage|x86.ActiveCfg = Release|x86
		{61615FC8-D4AD-426A-B7C3-7B20CCB58FB0}.SingleImage|x86.Build.0 = Release|x86
		{61615FC8-D4AD-426A-B7C3-7B20CCB58FB0}.SingleImage|x86.Deploy.0 = Release|x86
		{0637DCF0-1261-435C-AB2A-E6638F910543}.CD_ROM|Any CPU.ActiveCfg = Release|Any CPU
		{0637DCF0-1261-435C-AB2A-E6638F910543}.CD_ROM|Any CPU.Build.0 = Release|Any CPU
		{0637DCF0-1261-435C-AB2A-E6638F910543}.CD_ROM|ARM.ActiveCfg = Release|Any CPU
		{0637DCF0-1261-435C-AB2A-E6638F910543}.CD_ROM|x64.ActiveCfg = Release|Any CPU
		{0637DCF0-1261-435C-AB2A-E6638F910543}.CD_ROM|x86.ActiveCfg = Release|Any CPU
		{0637DCF0-1261-435C-AB2A-E6638F910543}.Debug|Any CPU.ActiveCfg = Debug|Any CPU
		{0637DCF0-1261-435C-AB2A-E6638F910543}.Debug|Any CPU.Build.0 = Debug|Any CPU
		{0637DCF0-1261-435C-AB2A-E6638F910543}.Debug|ARM.ActiveCfg = Debug|Any CPU
		{0637DCF0-1261-435C-AB2A-E6638F910543}.Debug|x64.ActiveCfg = Debug|Any CPU
		{0637DCF0-1261-435C-AB2A-E6638F910543}.Debug|x86.ActiveCfg = Debug|Any CPU
		{0637DCF0-1261-435C-AB2A-E6638F910543}.DVD-5|Any CPU.ActiveCfg = Debug|Any CPU
		{0637DCF0-1261-435C-AB2A-E6638F910543}.DVD-5|Any CPU.Build.0 = Debug|Any CPU
		{0637DCF0-1261-435C-AB2A-E6638F910543}.DVD-5|ARM.ActiveCfg = Debug|Any CPU
		{0637DCF0-1261-435C-AB2A-E6638F910543}.DVD-5|x64.ActiveCfg = Debug|Any CPU
		{0637DCF0-1261-435C-AB2A-E6638F910543}.DVD-5|x86.ActiveCfg = Debug|Any CPU
		{0637DCF0-1261-435C-AB2A-E6638F910543}.Release|Any CPU.ActiveCfg = Release|Any CPU
		{0637DCF0-1261-435C-AB2A-E6638F910543}.Release|Any CPU.Build.0 = Release|Any CPU
		{0637DCF0-1261-435C-AB2A-E6638F910543}.Release|ARM.ActiveCfg = Release|Any CPU
		{0637DCF0-1261-435C-AB2A-E6638F910543}.Release|x64.ActiveCfg = Release|Any CPU
		{0637DCF0-1261-435C-AB2A-E6638F910543}.Release|x86.ActiveCfg = Release|Any CPU
		{0637DCF0-1261-435C-AB2A-E6638F910543}.SingleImage|Any CPU.ActiveCfg = Release|Any CPU
		{0637DCF0-1261-435C-AB2A-E6638F910543}.SingleImage|Any CPU.Build.0 = Release|Any CPU
		{0637DCF0-1261-435C-AB2A-E6638F910543}.SingleImage|ARM.ActiveCfg = Release|Any CPU
		{0637DCF0-1261-435C-AB2A-E6638F910543}.SingleImage|x64.ActiveCfg = Release|Any CPU
		{0637DCF0-1261-435C-AB2A-E6638F910543}.SingleImage|x86.ActiveCfg = Release|Any CPU
		{15EA2F24-D67B-493F-923C-1EA64D58D776}.CD_ROM|Any CPU.ActiveCfg = CD_ROM
		{15EA2F24-D67B-493F-923C-1EA64D58D776}.CD_ROM|Any CPU.Build.0 = CD_ROM
		{15EA2F24-D67B-493F-923C-1EA64D58D776}.CD_ROM|ARM.ActiveCfg = CD_ROM
		{15EA2F24-D67B-493F-923C-1EA64D58D776}.CD_ROM|ARM.Build.0 = CD_ROM
		{15EA2F24-D67B-493F-923C-1EA64D58D776}.CD_ROM|x64.ActiveCfg = CD_ROM
		{15EA2F24-D67B-493F-923C-1EA64D58D776}.CD_ROM|x64.Build.0 = CD_ROM
		{15EA2F24-D67B-493F-923C-1EA64D58D776}.CD_ROM|x86.ActiveCfg = CD_ROM
		{15EA2F24-D67B-493F-923C-1EA64D58D776}.CD_ROM|x86.Build.0 = CD_ROM
		{15EA2F24-D67B-493F-923C-1EA64D58D776}.Debug|Any CPU.ActiveCfg = SingleImage
		{15EA2F24-D67B-493F-923C-1EA64D58D776}.Debug|Any CPU.Build.0 = SingleImage
		{15EA2F24-D67B-493F-923C-1EA64D58D776}.Debug|ARM.ActiveCfg = DVD-5
		{15EA2F24-D67B-493F-923C-1EA64D58D776}.Debug|ARM.Build.0 = DVD-5
		{15EA2F24-D67B-493F-923C-1EA64D58D776}.Debug|x64.ActiveCfg = DVD-5
		{15EA2F24-D67B-493F-923C-1EA64D58D776}.Debug|x64.Build.0 = DVD-5
		{15EA2F24-D67B-493F-923C-1EA64D58D776}.Debug|x86.ActiveCfg = DVD-5
		{15EA2F24-D67B-493F-923C-1EA64D58D776}.Debug|x86.Build.0 = DVD-5
		{15EA2F24-D67B-493F-923C-1EA64D58D776}.DVD-5|Any CPU.ActiveCfg = DVD-5
		{15EA2F24-D67B-493F-923C-1EA64D58D776}.DVD-5|Any CPU.Build.0 = DVD-5
		{15EA2F24-D67B-493F-923C-1EA64D58D776}.DVD-5|ARM.ActiveCfg = DVD-5
		{15EA2F24-D67B-493F-923C-1EA64D58D776}.DVD-5|ARM.Build.0 = DVD-5
		{15EA2F24-D67B-493F-923C-1EA64D58D776}.DVD-5|x64.ActiveCfg = DVD-5
		{15EA2F24-D67B-493F-923C-1EA64D58D776}.DVD-5|x64.Build.0 = DVD-5
		{15EA2F24-D67B-493F-923C-1EA64D58D776}.DVD-5|x86.ActiveCfg = DVD-5
		{15EA2F24-D67B-493F-923C-1EA64D58D776}.DVD-5|x86.Build.0 = DVD-5
		{15EA2F24-D67B-493F-923C-1EA64D58D776}.Release|Any CPU.ActiveCfg = SingleImage
		{15EA2F24-D67B-493F-923C-1EA64D58D776}.Release|Any CPU.Build.0 = SingleImage
		{15EA2F24-D67B-493F-923C-1EA64D58D776}.Release|ARM.ActiveCfg = SingleImage
		{15EA2F24-D67B-493F-923C-1EA64D58D776}.Release|ARM.Build.0 = SingleImage
		{15EA2F24-D67B-493F-923C-1EA64D58D776}.Release|x64.ActiveCfg = SingleImage
		{15EA2F24-D67B-493F-923C-1EA64D58D776}.Release|x64.Build.0 = SingleImage
		{15EA2F24-D67B-493F-923C-1EA64D58D776}.Release|x86.ActiveCfg = SingleImage
		{15EA2F24-D67B-493F-923C-1EA64D58D776}.Release|x86.Build.0 = SingleImage
		{15EA2F24-D67B-493F-923C-1EA64D58D776}.SingleImage|Any CPU.ActiveCfg = SingleImage
		{15EA2F24-D67B-493F-923C-1EA64D58D776}.SingleImage|Any CPU.Build.0 = SingleImage
		{15EA2F24-D67B-493F-923C-1EA64D58D776}.SingleImage|ARM.ActiveCfg = SingleImage
		{15EA2F24-D67B-493F-923C-1EA64D58D776}.SingleImage|ARM.Build.0 = SingleImage
		{15EA2F24-D67B-493F-923C-1EA64D58D776}.SingleImage|x64.ActiveCfg = SingleImage
		{15EA2F24-D67B-493F-923C-1EA64D58D776}.SingleImage|x64.Build.0 = SingleImage
		{15EA2F24-D67B-493F-923C-1EA64D58D776}.SingleImage|x86.ActiveCfg = SingleImage
		{15EA2F24-D67B-493F-923C-1EA64D58D776}.SingleImage|x86.Build.0 = SingleImage
	EndGlobalSection
	GlobalSection(SolutionProperties) = preSolution
		HideSolutionNode = FALSE
	EndGlobalSection
EndGlobal
